// !$*UTF8*$!
{
	archiveVersion = 1;
	classes = {
	};
	objectVersion = 55;
	objects = {

/* Begin PBXBuildFile section */
		CCF1A581282995790042B40B /* AppDelegate.swift in Sources */ = {isa = PBXBuildFile; fileRef = CCF1A580282995790042B40B /* AppDelegate.swift */; };
		CCF1A583282995790042B40B /* SceneDelegate.swift in Sources */ = {isa = PBXBuildFile; fileRef = CCF1A582282995790042B40B /* SceneDelegate.swift */; };
		CCF1A585282995790042B40B /* ViewController.swift in Sources */ = {isa = PBXBuildFile; fileRef = CCF1A584282995790042B40B /* ViewController.swift */; };
		CCF1A588282995790042B40B /* Main.storyboard in Resources */ = {isa = PBXBuildFile; fileRef = CCF1A586282995790042B40B /* Main.storyboard */; };
		CCF1A58A2829957D0042B40B /* Assets.xcassets in Resources */ = {isa = PBXBuildFile; fileRef = CCF1A5892829957D0042B40B /* Assets.xcassets */; };
		CCF1A58D2829957D0042B40B /* LaunchScreen.storyboard in Resources */ = {isa = PBXBuildFile; fileRef = CCF1A58B2829957D0042B40B /* LaunchScreen.storyboard */; };
		CCF1A598282995C20042B40B /* word_blank.png in Resources */ = {isa = PBXBuildFile; fileRef = CCF1A595282995C20042B40B /* word_blank.png */; };
		CCF1A599282995C20042B40B /* fin.png in Resources */ = {isa = PBXBuildFile; fileRef = CCF1A596282995C20042B40B /* fin.png */; };
		CCF1A59A282995C20042B40B /* title_logo.png in Resources */ = {isa = PBXBuildFile; fileRef = CCF1A597282995C20042B40B /* title_logo.png */; };
		CCF1A59C28299F3A0042B40B /* QuestionViewController.swift in Sources */ = {isa = PBXBuildFile; fileRef = CCF1A59B28299F3A0042B40B /* QuestionViewController.swift */; };
		CCF1A59E28299F5F0042B40B /* FinishViewController.swift in Sources */ = {isa = PBXBuildFile; fileRef = CCF1A59D28299F5F0042B40B /* FinishViewController.swift */; };
		CCF1A5A028299FA90042B40B /* ListTableViewController.swift in Sources */ = {isa = PBXBuildFile; fileRef = CCF1A59F28299FA90042B40B /* ListTableViewController.swift */; };
		CCF1A5A228299FDE0042B40B /* AddViewController.swift in Sources */ = {isa = PBXBuildFile; fileRef = CCF1A5A128299FDE0042B40B /* AddViewController.swift */; };
		CCF1A5A4282A04B70042B40B /* ListTableViewCell.swift in Sources */ = {isa = PBXBuildFile; fileRef = CCF1A5A3282A04B70042B40B /* ListTableViewCell.swift */; };
/* End PBXBuildFile section */

/* Begin PBXFileReference section */
		CCF1A57D282995790042B40B /* WordList.app */ = {isa = PBXFileReference; explicitFileType = wrapper.application; includeInIndex = 0; path = WordList.app; sourceTree = BUILT_PRODUCTS_DIR; };
		CCF1A580282995790042B40B /* AppDelegate.swift */ = {isa = PBXFileReference; lastKnownFileType = sourcecode.swift; path = AppDelegate.swift; sourceTree = "<group>"; };
		CCF1A582282995790042B40B /* SceneDelegate.swift */ = {isa = PBXFileReference; lastKnownFileType = sourcecode.swift; path = SceneDelegate.swift; sourceTree = "<group>"; };
		CCF1A584282995790042B40B /* ViewController.swift */ = {isa = PBXFileReference; lastKnownFileType = sourcecode.swift; path = ViewController.swift; sourceTree = "<group>"; };
		CCF1A587282995790042B40B /* Base */ = {isa = PBXFileReference; lastKnownFileType = file.storyboard; name = Base; path = Base.lproj/Main.storyboard; sourceTree = "<group>"; };
		CCF1A5892829957D0042B40B /* Assets.xcassets */ = {isa = PBXFileReference; lastKnownFileType = folder.assetcatalog; path = Assets.xcassets; sourceTree = "<group>"; };
		CCF1A58C2829957D0042B40B /* Base */ = {isa = PBXFileReference; lastKnownFileType = file.storyboard; name = Base; path = Base.lproj/LaunchScreen.storyboard; sourceTree = "<group>"; };
		CCF1A58E2829957D0042B40B /* Info.plist */ = {isa = PBXFileReference; lastKnownFileType = text.plist.xml; path = Info.plist; sourceTree = "<group>"; };
		CCF1A595282995C20042B40B /* word_blank.png */ = {isa = PBXFileReference; lastKnownFileType = image.png; path = word_blank.png; sourceTree = "<group>"; };
		CCF1A596282995C20042B40B /* fin.png */ = {isa = PBXFileReference; lastKnownFileType = image.png; path = fin.png; sourceTree = "<group>"; };
		CCF1A597282995C20042B40B /* title_logo.png */ = {isa = PBXFileReference; lastKnownFileType = image.png; path = title_logo.png; sourceTree = "<group>"; };
		CCF1A59B28299F3A0042B40B /* QuestionViewController.swift */ = {isa = PBXFileReference; lastKnownFileType = sourcecode.swift; path = QuestionViewController.swift; sourceTree = "<group>"; };
		CCF1A59D28299F5F0042B40B /* FinishViewController.swift */ = {isa = PBXFileReference; lastKnownFileType = sourcecode.swift; path = FinishViewController.swift; sourceTree = "<group>"; };
		CCF1A59F28299FA90042B40B /* ListTableViewController.swift */ = {isa = PBXFileReference; lastKnownFileType = sourcecode.swift; path = ListTableViewController.swift; sourceTree = "<group>"; };
		CCF1A5A128299FDE0042B40B /* AddViewController.swift */ = {isa = PBXFileReference; lastKnownFileType = sourcecode.swift; path = AddViewController.swift; sourceTree = "<group>"; };
		CCF1A5A3282A04B70042B40B /* ListTableViewCell.swift */ = {isa = PBXFileReference; lastKnownFileType = sourcecode.swift; path = ListTableViewCell.swift; sourceTree = SOURCE_ROOT; };
/* End PBXFileReference section */

/* Begin PBXFrameworksBuildPhase section */
		CCF1A57A282995790042B40B /* Frameworks */ = {
			isa = PBXFrameworksBuildPhase;
			buildActionMask = 2147483647;
			files = (
			);
			runOnlyForDeploymentPostprocessing = 0;
		};
/* End PBXFrameworksBuildPhase section */

/* Begin PBXGroup section */
		CCF1A574282995790042B40B = {
			isa = PBXGroup;
			children = (
				CCF1A594282995C20042B40B /* WordList素材 */,
				CCF1A57F282995790042B40B /* WordList */,
				CCF1A57E282995790042B40B /* Products */,
			);
			sourceTree = "<group>";
		};
		CCF1A57E282995790042B40B /* Products */ = {
			isa = PBXGroup;
			children = (
				CCF1A57D282995790042B40B /* WordList.app */,
			);
			name = Products;
			sourceTree = "<group>";
		};
		CCF1A57F282995790042B40B /* WordList */ = {
			isa = PBXGroup;
			children = (
				CCF1A580282995790042B40B /* AppDelegate.swift */,
				CCF1A582282995790042B40B /* SceneDelegate.swift */,
				CCF1A584282995790042B40B /* ViewController.swift */,
				CCF1A586282995790042B40B /* Main.storyboard */,
				CCF1A5892829957D0042B40B /* Assets.xcassets */,
				CCF1A58B2829957D0042B40B /* LaunchScreen.storyboard */,
				CCF1A58E2829957D0042B40B /* Info.plist */,
				CCF1A59B28299F3A0042B40B /* QuestionViewController.swift */,
				CCF1A59D28299F5F0042B40B /* FinishViewController.swift */,
				CCF1A59F28299FA90042B40B /* ListTableViewController.swift */,
				CCF1A5A128299FDE0042B40B /* AddViewController.swift */,
				CCF1A5A3282A04B70042B40B /* ListTableViewCell.swift */,
			);
			path = WordList;
			sourceTree = "<group>";
		};
		CCF1A594282995C20042B40B /* WordList素材 */ = {
			isa = PBXGroup;
			children = (
				CCF1A595282995C20042B40B /* word_blank.png */,
				CCF1A596282995C20042B40B /* fin.png */,
				CCF1A597282995C20042B40B /* title_logo.png */,
			);
			path = "WordList素材";
			sourceTree = "<group>";
		};
/* End PBXGroup section */

/* Begin PBXNativeTarget section */
		CCF1A57C282995790042B40B /* WordList */ = {
			isa = PBXNativeTarget;
			buildConfigurationList = CCF1A5912829957D0042B40B /* Build configuration list for PBXNativeTarget "WordList" */;
			buildPhases = (
				CCF1A579282995790042B40B /* Sources */,
				CCF1A57A282995790042B40B /* Frameworks */,
				CCF1A57B282995790042B40B /* Resources */,
			);
			buildRules = (
			);
			dependencies = (
			);
			name = WordList;
			productName = WordList;
			productReference = CCF1A57D282995790042B40B /* WordList.app */;
			productType = "com.apple.product-type.application";
		};
/* End PBXNativeTarget section */

/* Begin PBXProject section */
		CCF1A575282995790042B40B /* Project object */ = {
			isa = PBXProject;
			attributes = {
				BuildIndependentTargetsInParallel = 1;
				LastSwiftUpdateCheck = 1330;
				LastUpgradeCheck = 1330;
				TargetAttributes = {
					CCF1A57C282995790042B40B = {
						CreatedOnToolsVersion = 13.3.1;
					};
				};
			};
			buildConfigurationList = CCF1A578282995790042B40B /* Build configuration list for PBXProject "WordList" */;
			compatibilityVersion = "Xcode 13.0";
			developmentRegion = en;
			hasScannedForEncodings = 0;
			knownRegions = (
				en,
				Base,
			);
			mainGroup = CCF1A574282995790042B40B;
			productRefGroup = CCF1A57E282995790042B40B /* Products */;
			projectDirPath = "";
			projectRoot = "";
			targets = (
				CCF1A57C282995790042B40B /* WordList */,
			);
		};
/* End PBXProject section */

/* Begin PBXResourcesBuildPhase section */
		CCF1A57B282995790042B40B /* Resources */ = {
			isa = PBXResourcesBuildPhase;
			buildActionMask = 2147483647;
			files = (
				CCF1A598282995C20042B40B /* word_blank.png in Resources */,
				CCF1A59A282995C20042B40B /* title_logo.png in Resources */,
				CCF1A58D2829957D0042B40B /* LaunchScreen.storyboard in Resources */,
				CCF1A58A2829957D0042B40B /* Assets.xcassets in Resources */,
				CCF1A599282995C20042B40B /* fin.png in Resources */,
				CCF1A588282995790042B40B /* Main.storyboard in Resources */,
			);
			runOnlyForDeploymentPostprocessing = 0;
		};
/* End PBXResourcesBuildPhase section */

/* Begin PBXSourcesBuildPhase section */
		CCF1A579282995790042B40B /* Sources */ = {
			isa = PBXSourcesBuildPhase;
			buildActionMask = 2147483647;
			files = (
				CCF1A59E28299F5F0042B40B /* FinishViewController.swift in Sources */,
				CCF1A5A4282A04B70042B40B /* ListTableViewCell.swift in Sources */,
				CCF1A585282995790042B40B /* ViewController.swift in Sources */,
				CCF1A5A228299FDE0042B40B /* AddViewController.swift in Sources */,
				CCF1A581282995790042B40B /* AppDelegate.swift in Sources */,
				CCF1A5A028299FA90042B40B /* ListTableViewController.swift in Sources */,
				CCF1A59C28299F3A0042B40B /* QuestionViewController.swift in Sources */,
				CCF1A583282995790042B40B /* SceneDelegate.swift in Sources */,
			);
			runOnlyForDeploymentPostprocessing = 0;
		};
/* End PBXSourcesBuildPhase section */

/* Begin PBXVariantGroup section */
		CCF1A586282995790042B40B /* Main.storyboard */ = {
			isa = PBXVariantGroup;
			children = (
				CCF1A587282995790042B40B /* Base */,
			);
			name = Main.storyboard;
			sourceTree = "<group>";
		};
		CCF1A58B2829957D0042B40B /* LaunchScreen.storyboard */ = {
			isa = PBXVariantGroup;
			children = (
				CCF1A58C2829957D0042B40B /* Base */,
			);
			name = LaunchScreen.storyboard;
			sourceTree = "<group>";
		};
/* End PBXVariantGroup section */

/* Begin XCBuildConfiguration section */
		CCF1A58F2829957D0042B40B /* Debug */ = {
			isa = XCBuildConfiguration;
			buildSettings = {
				ALWAYS_SEARCH_USER_PATHS = NO;
				CLANG_ANALYZER_NONNULL = YES;
				CLANG_ANALYZER_NUMBER_OBJECT_CONVERSION = YES_AGGRESSIVE;
				CLANG_CXX_LANGUAGE_STANDARD = "gnu++17";
				CLANG_ENABLE_MODULES = YES;
				CLANG_ENABLE_OBJC_ARC = YES;
				CLANG_ENABLE_OBJC_WEAK = YES;
				CLANG_WARN_BLOCK_CAPTURE_AUTORELEASING = YES;
				CLANG_WARN_BOOL_CONVERSION = YES;
				CLANG_WARN_COMMA = YES;
				CLANG_WARN_CONSTANT_CONVERSION = YES;
				CLANG_WARN_DEPRECATED_OBJC_IMPLEMENTATIONS = YES;
				CLANG_WARN_DIRECT_OBJC_ISA_USAGE = YES_ERROR;
				CLANG_WARN_DOCUMENTATION_COMMENTS = YES;
				CLANG_WARN_EMPTY_BODY = YES;
				CLANG_WARN_ENUM_CONVERSION = YES;
				CLANG_WARN_INFINITE_RECURSION = YES;
				CLANG_WARN_INT_CONVERSION = YES;
				CLANG_WARN_NON_LITERAL_NULL_CONVERSION = YES;
				CLANG_WARN_OBJC_IMPLICIT_RETAIN_SELF = YES;
				CLANG_WARN_OBJC_LITERAL_CONVERSION = YES;
				CLANG_WARN_OBJC_ROOT_CLASS = YES_ERROR;
				CLANG_WARN_QUOTED_INCLUDE_IN_FRAMEWORK_HEADER = YES;
				CLANG_WARN_RANGE_LOOP_ANALYSIS = YES;
				CLANG_WARN_STRICT_PROTOTYPES = YES;
				CLANG_WARN_SUSPICIOUS_MOVE = YES;
				CLANG_WARN_UNGUARDED_AVAILABILITY = YES_AGGRESSIVE;
				CLANG_WARN_UNREACHABLE_CODE = YES;
				CLANG_WARN__DUPLICATE_METHOD_MATCH = YES;
				COPY_PHASE_STRIP = NO;
				DEBUG_INFORMATION_FORMAT = dwarf;
				ENABLE_STRICT_OBJC_MSGSEND = YES;
				ENABLE_TESTABILITY = YES;
				GCC_C_LANGUAGE_STANDARD = gnu11;
				GCC_DYNAMIC_NO_PIC = NO;
				GCC_NO_COMMON_BLOCKS = YES;
				GCC_OPTIMIZATION_LEVEL = 0;
				GCC_PREPROCESSOR_DEFINITIONS = (
					"DEBUG=1",
					"$(inherited)",
				);
				GCC_WARN_64_TO_32_BIT_CONVERSION = YES;
				GCC_WARN_ABOUT_RETURN_TYPE = YES_ERROR;
				GCC_WARN_UNDECLARED_SELECTOR = YES;
				GCC_WARN_UNINITIALIZED_AUTOS = YES_AGGRESSIVE;
				GCC_WARN_UNUSED_FUNCTION = YES;
				GCC_WARN_UNUSED_VARIABLE = YES;
				IPHONEOS_DEPLOYMENT_TARGET = 15.4;
				MTL_ENABLE_DEBUG_INFO = INCLUDE_SOURCE;
				MTL_FAST_MATH = YES;
				ONLY_ACTIVE_ARCH = YES;
				SDKROOT = iphoneos;
				SWIFT_ACTIVE_COMPILATION_CONDITIONS = DEBUG;
				SWIFT_OPTIMIZATION_LEVEL = "-Onone";
			};
			name = Debug;
		};
		CCF1A5902829957D0042B40B /* Release */ = {
			isa = XCBuildConfiguration;
			buildSettings = {
				ALWAYS_SEARCH_USER_PATHS = NO;
				CLANG_ANALYZER_NONNULL = YES;
				CLANG_ANALYZER_NUMBER_OBJECT_CONVERSION = YES_AGGRESSIVE;
				CLANG_CXX_LANGUAGE_STANDARD = "gnu++17";
				CLANG_ENABLE_MODULES = YES;
				CLANG_ENABLE_OBJC_ARC = YES;
				CLANG_ENABLE_OBJC_WEAK = YES;
				CLANG_WARN_BLOCK_CAPTURE_AUTORELEASING = YES;
				CLANG_WARN_BOOL_CONVERSION = YES;
				CLANG_WARN_COMMA = YES;
				CLANG_WARN_CONSTANT_CONVERSION = YES;
				CLANG_WARN_DEPRECATED_OBJC_IMPLEMENTATIONS = YES;
				CLANG_WARN_DIRECT_OBJC_ISA_USAGE = YES_ERROR;
				CLANG_WARN_DOCUMENTATION_COMMENTS = YES;
				CLANG_WARN_EMPTY_BODY = YES;
				CLANG_WARN_ENUM_CONVERSION = YES;
				CLANG_WARN_INFINITE_RECURSION = YES;
				CLANG_WARN_INT_CONVERSION = YES;
				CLANG_WARN_NON_LITERAL_NULL_CONVERSION = YES;
				CLANG_WARN_OBJC_IMPLICIT_RETAIN_SELF = YES;
				CLANG_WARN_OBJC_LITERAL_CONVERSION = YES;
				CLANG_WARN_OBJC_ROOT_CLASS = YES_ERROR;
				CLANG_WARN_QUOTED_INCLUDE_IN_FRAMEWORK_HEADER = YES;
				CLANG_WARN_RANGE_LOOP_ANALYSIS = YES;
				CLANG_WARN_STRICT_PROTOTYPES = YES;
				CLANG_WARN_SUSPICIOUS_MOVE = YES;
				CLANG_WARN_UNGUARDED_AVAILABILITY = YES_AGGRESSIVE;
				CLANG_WARN_UNREACHABLE_CODE = YES;
				CLANG_WARN__DUPLICATE_METHOD_MATCH = YES;
				COPY_PHASE_STRIP = NO;
				DEBUG_INFORMATION_FORMAT = "dwarf-with-dsym";
				ENABLE_NS_ASSERTIONS = NO;
				ENABLE_STRICT_OBJC_MSGSEND = YES;
				GCC_C_LANGUAGE_STANDARD = gnu11;
				GCC_NO_COMMON_BLOCKS = YES;
				GCC_WARN_64_TO_32_BIT_CONVERSION = YES;
				GCC_WARN_ABOUT_RETURN_TYPE = YES_ERROR;
				GCC_WARN_UNDECLARED_SELECTOR = YES;
				GCC_WARN_UNINITIALIZED_AUTOS = YES_AGGRESSIVE;
				GCC_WARN_UNUSED_FUNCTION = YES;
				GCC_WARN_UNUSED_VARIABLE = YES;
				IPHONEOS_DEPLOYMENT_TARGET = 15.4;
				MTL_ENABLE_DEBUG_INFO = NO;
				MTL_FAST_MATH = YES;
				SDKROOT = iphoneos;
				SWIFT_COMPILATION_MODE = wholemodule;
				SWIFT_OPTIMIZATION_LEVEL = "-O";
				VALIDATE_PRODUCT = YES;
			};
			name = Release;
		};
		CCF1A5922829957D0042B40B /* Debug */ = {
			isa = XCBuildConfiguration;
			buildSettings = {
				ASSETCATALOG_COMPILER_APPICON_NAME = AppIcon;
				ASSETCATALOG_COMPILER_GLOBAL_ACCENT_COLOR_NAME = AccentColor;
				CODE_SIGN_STYLE = Automatic;
				CURRENT_PROJECT_VERSION = 1;
				GENERATE_INFOPLIST_FILE = YES;
				INFOPLIST_FILE = WordList/Info.plist;
				INFOPLIST_KEY_UIApplicationSupportsIndirectInputEvents = YES;
				INFOPLIST_KEY_UILaunchStoryboardName = LaunchScreen;
				INFOPLIST_KEY_UIMainStoryboardFile = Main;
				INFOPLIST_KEY_UISupportedInterfaceOrientations_iPad = "UIInterfaceOrientationPortrait UIInterfaceOrientationPortraitUpsideDown UIInterfaceOrientationLandscapeLeft UIInterfaceOrientationLandscapeRight";
				INFOPLIST_KEY_UISupportedInterfaceOrientations_iPhone = "UIInterfaceOrientationPortrait UIInterfaceOrientationLandscapeLeft UIInterfaceOrientationLandscapeRight";
				LD_RUNPATH_SEARCH_PATHS = (
					"$(inherited)",
					"@executable_path/Frameworks",
				);
				MARKETING_VERSION = 1.0;
				PRODUCT_BUNDLE_IDENTIFIER = "meari-09-word.WordList";
				PRODUCT_NAME = "$(TARGET_NAME)";
				SWIFT_EMIT_LOC_STRINGS = YES;
				SWIFT_VERSION = 5.0;
				TARGETED_DEVICE_FAMILY = "1,2";
			};
			name = Debug;
		};
		CCF1A5932829957D0042B40B /* Release */ = {
			isa = XCBuildConfiguration;
			buildSettings = {
				ASSETCATALOG_COMPILER_APPICON_NAME = AppIcon;
				ASSETCATALOG_COMPILER_GLOBAL_ACCENT_COLOR_NAME = AccentColor;
				CODE_SIGN_STYLE = Automatic;
				CURRENT_PROJECT_VERSION = 1;
				GENERATE_INFOPLIST_FILE = YES;
				INFOPLIST_FILE = WordList/Info.plist;
				INFOPLIST_KEY_UIApplicationSupportsIndirectInputEvents = YES;
				INFOPLIST_KEY_UILaunchStoryboardName = LaunchScreen;
				INFOPLIST_KEY_UIMainStoryboardFile = Main;
				INFOPLIST_KEY_UISupportedInterfaceOrientations_iPad = "UIInterfaceOrientationPortrait UIInterfaceOrientationPortraitUpsideDown UIInterfaceOrientationLandscapeLeft UIInterfaceOrientationLandscapeRight";
				INFOPLIST_KEY_UISupportedInterfaceOrientations_iPhone = "UIInterfaceOrientationPortrait UIInterfaceOrientationLandscapeLeft UIInterfaceOrientationLandscapeRight";
				LD_RUNPATH_SEARCH_PATHS = (
					"$(inherited)",
					"@executable_path/Frameworks",
				);
				MARKETING_VERSION = 1.0;
				PRODUCT_BUNDLE_IDENTIFIER = "meari-09-word.WordList";
				PRODUCT_NAME = "$(TARGET_NAME)";
				SWIFT_EMIT_LOC_STRINGS = YES;
				SWIFT_VERSION = 5.0;
				TARGETED_DEVICE_FAMILY = "1,2";
			};
			name = Release;
		};
/* End XCBuildConfiguration section */

/* Begin XCConfigurationList section */
		CCF1A578282995790042B40B /* Build configuration list for PBXProject "WordList" */ = {
			isa = XCConfigurationList;
			buildConfigurations = (
				CCF1A58F2829957D0042B40B /* Debug */,
				CCF1A5902829957D0042B40B /* Release */,
			);
			defaultConfigurationIsVisible = 0;
			defaultConfigurationName = Release;
		};
		CCF1A5912829957D0042B40B /* Build configuration list for PBXNativeTarget "WordList" */ = {
			isa = XCConfigurationList;
			buildConfigurations = (
				CCF1A5922829957D0042B40B /* Debug */,
				CCF1A5932829957D0042B40B /* Release */,
			);
			defaultConfigurationIsVisible = 0;
			defaultConfigurationName = Release;
		};
/* End XCConfigurationList section */
	};
	rootObject = CCF1A575282995790042B40B /* Project object */;
}
